
Microsoft Visual Studio Solution File, Format Version 12.00
# Visual Studio Version 16
VisualStudioVersion = 16.0.30621.155
MinimumVisualStudioVersion = 10.0.40219.1
Project("{9A19103F-16F7-4668-BE54-9A1E7A4F7556}") = "StoreLibrary", "StoreLibrary\StoreLibrary.csproj", "{2BF091FE-BCF4-456F-AEA6-03531CFE4931}"
EndProject
Project("{9A19103F-16F7-4668-BE54-9A1E7A4F7556}") = "StoreApplication.UnitTests", "StoreApplication.UnitTests\StoreApplication.UnitTests.csproj", "{1D2E322B-A289-4F7B-9813-4B881C3E4F60}"
EndProject
Project("{9A19103F-16F7-4668-BE54-9A1E7A4F7556}") = "StoreDatamodel", "StoreDatamodel\StoreDatamodel.csproj", "{629F1427-9889-48B3-A6DF-B1F46BF300F6}"
EndProject
Project("{9A19103F-16F7-4668-BE54-9A1E7A4F7556}") = "StoreApplication.WebApp", "StoreApplication.WebApp\StoreApplication.WebApp.csproj", "{FB277A92-10D9-4C22-893C-78375A54EF4A}"
EndProject
Global
	GlobalSection(SolutionConfigurationPlatforms) = preSolution
		Debug|Any CPU = Debug|Any CPU
		Release|Any CPU = Release|Any CPU
	EndGlobalSection
	GlobalSection(ProjectConfigurationPlatforms) = postSolution
		{2BF091FE-BCF4-456F-AEA6-03531CFE4931}.Debug|Any CPU.ActiveCfg = Debug|Any CPU
		{2BF091FE-BCF4-456F-AEA6-03531CFE4931}.Debug|Any CPU.Build.0 = Debug|Any CPU
		{2BF091FE-BCF4-456F-AEA6-03531CFE4931}.Release|Any CPU.ActiveCfg = Release|Any CPU
		{2BF091FE-BCF4-456F-AEA6-03531CFE4931}.Release|Any CPU.Build.0 = Release|Any CPU
		{1D2E322B-A289-4F7B-9813-4B881C3E4F60}.Debug|Any CPU.ActiveCfg = Debug|Any CPU
		{1D2E322B-A289-4F7B-9813-4B881C3E4F60}.Debug|Any CPU.Build.0 = Debug|Any CPU
		{1D2E322B-A289-4F7B-9813-4B881C3E4F60}.Release|Any CPU.ActiveCfg = Release|Any CPU
		{1D2E322B-A289-4F7B-9813-4B881C3E4F60}.Release|Any CPU.Build.0 = Release|Any CPU
		{629F1427-9889-48B3-A6DF-B1F46BF300F6}.Debug|Any CPU.ActiveCfg = Debug|Any CPU
		{629F1427-9889-48B3-A6DF-B1F46BF300F6}.Debug|Any CPU.Build.0 = Debug|Any CPU
		{629F1427-9889-48B3-A6DF-B1F46BF300F6}.Release|Any CPU.ActiveCfg = Release|Any CPU
		{629F1427-9889-48B3-A6DF-B1F46BF300F6}.Release|Any CPU.Build.0 = Release|Any CPU
		{FB277A92-10D9-4C22-893C-78375A54EF4A}.Debug|Any CPU.ActiveCfg = Debug|Any CPU
		{FB277A92-10D9-4C22-893C-78375A54EF4A}.Debug|Any CPU.Build.0 = Debug|Any CPU
		{FB277A92-10D9-4C22-893C-78375A54EF4A}.Release|Any CPU.ActiveCfg = Release|Any CPU
		{FB277A92-10D9-4C22-893C-78375A54EF4A}.Release|Any CPU.Build.0 = Release|Any CPU
	EndGlobalSection
	GlobalSection(SolutionProperties) = preSolution
		HideSolutionNode = FALSE
	EndGlobalSection
	GlobalSection(ExtensibilityGlobals) = postSolution
		SolutionGuid = {82C75F1C-3AC6-4901-9773-AC3FB04C63F1}
	EndGlobalSection
EndGlobal
